
Microsoft Visual Studio Solution File, Format Version 12.00
# Visual Studio Version 16
VisualStudioVersion = 16.0.31624.102
MinimumVisualStudioVersion = 10.0.40219.1
Project("{8BC9CEB8-8B4A-11D0-8D11-00A0C91BC942}") = "PixelArtEditor", "PixelArtEditor.vcxproj", "{5EE71F79-A4E7-4921-A728-7C30D2604358}"
EndProject
Global
	GlobalSection(SolutionConfigurationPlatforms) = preSolution
		Debug|x64 = Debug|x64
		Release|x64 = Release|x64
	EndGlobalSection
	GlobalSection(ProjectConfigurationPlatforms) = postSolution
		{5EE71F79-A4E7-4921-A728-7C30D2604358}.Debug|x64.ActiveCfg = Debug|x64
		{5EE71F79-A4E7-4921-A728-7C30D2604358}.Debug|x64.Build.0 = Debug|x64
		{5EE71F79-A4E7-4921-A728-7C30D2604358}.Release|x64.ActiveCfg = Release|x64
		{5EE71F79-A4E7-4921-A728-7C30D2604358}.Release|x64.Build.0 = Release|x64
	EndGlobalSection
	GlobalSection(SolutionProperties) = preSolution
		HideSolutionNode = FALSE
	EndGlobalSection
	GlobalSection(ExtensibilityGlobals) = postSolution
		SolutionGuid = {DC6C5472-BAD9-4049-B543-30CEC406A00E}
	EndGlobalSection
EndGlobal
